{
  "name": "signalrsample",
  "version": "1.0.0",
  "lockfileVersion": 1,
  "requires": true,
  "dependencies": {
    "@aspnet/signalr": {
      "version": "1.0.0-preview2-30242",
      "resolved": "https://dotnet.myget.org/F/aspnetcore-dev/npm/@aspnet/signalr/-/@aspnet/signalr-1.0.0-preview2-30242.tgz",
      "integrity": "sha1-OHGrkM6uP2a9eN7xsZmLiSH1WuE="
    },
    "bootstrap": {
      "version": "4.0.0",
      "resolved": "https://registry.npmjs.org/bootstrap/-/bootstrap-4.0.0.tgz",
      "integrity": "sha512-gulJE5dGFo6Q61V/whS6VM4WIyrlydXfCgkE+Gxe5hjrJ8rXLLZlALq7zq2RPhOc45PSwQpJkrTnc2KgD6cvmA=="
    },
    "jquery": {
      "version": "3.3.1",
      "resolved": "https://registry.npmjs.org/jquery/-/jquery-3.3.1.tgz",
      "integrity": "sha512-Ubldcmxp5np52/ENotGxlLe6aGMvmF4R8S6tZjsP6Knsaxd/xp3Zrh50cG93lR6nPXyUFwzN3ZSOQI0wRJNdGg=="
    }
  }
}
